
Microsoft Visual Studio Solution File, Format Version 12.00
# Visual Studio Version 17
VisualStudioVersion = 17.7.34003.232
MinimumVisualStudioVersion = 10.0.40219.1
Project("{FAE04EC0-301F-11D3-BF4B-00C04F79EFBC}") = "Шандригоз Методы Треугольник по координатам", "Шандригоз Методы Треугольник по координатам\Шандригоз Методы Треугольник по координатам.csproj", "{EFF7ECD3-8A87-4B88-BF9A-23963ED49D90}"
EndProject
Global
	GlobalSection(SolutionConfigurationPlatforms) = preSolution
		Debug|Any CPU = Debug|Any CPU
		Release|Any CPU = Release|Any CPU
	EndGlobalSection
	GlobalSection(ProjectConfigurationPlatforms) = postSolution
		{EFF7ECD3-8A87-4B88-BF9A-23963ED49D90}.Debug|Any CPU.ActiveCfg = Debug|Any CPU
		{EFF7ECD3-8A87-4B88-BF9A-23963ED49D90}.Debug|Any CPU.Build.0 = Debug|Any CPU
		{EFF7ECD3-8A87-4B88-BF9A-23963ED49D90}.Release|Any CPU.ActiveCfg = Release|Any CPU
		{EFF7ECD3-8A87-4B88-BF9A-23963ED49D90}.Release|Any CPU.Build.0 = Release|Any CPU
	EndGlobalSection
	GlobalSection(SolutionProperties) = preSolution
		HideSolutionNode = FALSE
	EndGlobalSection
	GlobalSection(ExtensibilityGlobals) = postSolution
		SolutionGuid = {DBE130CF-3D62-420E-8409-36F1CC7D8319}
	EndGlobalSection
EndGlobal
